
Microsoft Visual Studio Solution File, Format Version 12.00
# Visual Studio Version 16
VisualStudioVersion = 16.0.29326.143
MinimumVisualStudioVersion = 10.0.40219.1
Project("{FAE04EC0-301F-11D3-BF4B-00C04F79EFBC}") = "1_7_WritingYouFirstUnitTest", "1_7_WritingYouFirstUnitTest\1_7_WritingYouFirstUnitTest.csproj", "{26B6B28F-F07D-43A6-A4CA-51DD54676BD8}"
EndProject
Project("{FAE04EC0-301F-11D3-BF4B-00C04F79EFBC}") = "TestNinja.UnitTests", "TestNinja.UnitTests\TestNinja.UnitTests.csproj", "{EEB43B83-3101-4BA3-969D-8E3EF6AC5AC4}"
EndProject
Global
	GlobalSection(SolutionConfigurationPlatforms) = preSolution
		Debug|Any CPU = Debug|Any CPU
		Release|Any CPU = Release|Any CPU
	EndGlobalSection
	GlobalSection(ProjectConfigurationPlatforms) = postSolution
		{26B6B28F-F07D-43A6-A4CA-51DD54676BD8}.Debug|Any CPU.ActiveCfg = Debug|Any CPU
		{26B6B28F-F07D-43A6-A4CA-51DD54676BD8}.Debug|Any CPU.Build.0 = Debug|Any CPU
		{26B6B28F-F07D-43A6-A4CA-51DD54676BD8}.Release|Any CPU.ActiveCfg = Release|Any CPU
		{26B6B28F-F07D-43A6-A4CA-51DD54676BD8}.Release|Any CPU.Build.0 = Release|Any CPU
		{EEB43B83-3101-4BA3-969D-8E3EF6AC5AC4}.Debug|Any CPU.ActiveCfg = Debug|Any CPU
		{EEB43B83-3101-4BA3-969D-8E3EF6AC5AC4}.Debug|Any CPU.Build.0 = Debug|Any CPU
		{EEB43B83-3101-4BA3-969D-8E3EF6AC5AC4}.Release|Any CPU.ActiveCfg = Release|Any CPU
		{EEB43B83-3101-4BA3-969D-8E3EF6AC5AC4}.Release|Any CPU.Build.0 = Release|Any CPU
	EndGlobalSection
	GlobalSection(SolutionProperties) = preSolution
		HideSolutionNode = FALSE
	EndGlobalSection
	GlobalSection(ExtensibilityGlobals) = postSolution
		SolutionGuid = {26B18B01-DD6C-4E4F-8830-471DEA167182}
	EndGlobalSection
EndGlobal
